
Microsoft Visual Studio Solution File, Format Version 12.00
# Visual Studio Version 17
VisualStudioVersion = 17.9.34310.174
MinimumVisualStudioVersion = 10.0.40219.1
Project("{FAE04EC0-301F-11D3-BF4B-00C04F79EFBC}") = "FurnitureStore_Тепляков", "FurnitureStore_Тепляков\FurnitureStore_Тепляков.csproj", "{88FF4F12-095D-4C1B-8C28-19ABBBEA5051}"
EndProject
Global
	GlobalSection(SolutionConfigurationPlatforms) = preSolution
		Debug|Any CPU = Debug|Any CPU
		Release|Any CPU = Release|Any CPU
	EndGlobalSection
	GlobalSection(ProjectConfigurationPlatforms) = postSolution
		{88FF4F12-095D-4C1B-8C28-19ABBBEA5051}.Debug|Any CPU.ActiveCfg = Debug|Any CPU
		{88FF4F12-095D-4C1B-8C28-19ABBBEA5051}.Debug|Any CPU.Build.0 = Debug|Any CPU
		{88FF4F12-095D-4C1B-8C28-19ABBBEA5051}.Release|Any CPU.ActiveCfg = Release|Any CPU
		{88FF4F12-095D-4C1B-8C28-19ABBBEA5051}.Release|Any CPU.Build.0 = Release|Any CPU
	EndGlobalSection
	GlobalSection(SolutionProperties) = preSolution
		HideSolutionNode = FALSE
	EndGlobalSection
	GlobalSection(ExtensibilityGlobals) = postSolution
		SolutionGuid = {46E1D106-FCF1-41CD-A185-43A2803BA7E5}
	EndGlobalSection
EndGlobal
